// !$*UTF8*$!
{
	archiveVersion = 1;
	classes = {
	};
	objectVersion = 46;
	objects = {

/* Begin PBXBuildFile section */
		B46D02AD1E2F30AB0066CAE4 /* main.m in Sources */ = {isa = PBXBuildFile; fileRef = B46D02AC1E2F30AB0066CAE4 /* main.m */; };
		B46D02B01E2F30AB0066CAE4 /* AppDelegate.m in Sources */ = {isa = PBXBuildFile; fileRef = B46D02AF1E2F30AB0066CAE4 /* AppDelegate.m */; };
		B46D02B31E2F30AB0066CAE4 /* ViewController.m in Sources */ = {isa = PBXBuildFile; fileRef = B46D02B21E2F30AB0066CAE4 /* ViewController.m */; };
		B46D02B61E2F30AB0066CAE4 /* Main.storyboard in Resources */ = {isa = PBXBuildFile; fileRef = B46D02B41E2F30AB0066CAE4 /* Main.storyboard */; };
		B46D02B91E2F30AB0066CAE4 /* LC_UIActivityIndicatorView.xcdatamodeld in Sources */ = {isa = PBXBuildFile; fileRef = B46D02B71E2F30AB0066CAE4 /* LC_UIActivityIndicatorView.xcdatamodeld */; };
		B46D02BB1E2F30AB0066CAE4 /* Assets.xcassets in Resources */ = {isa = PBXBuildFile; fileRef = B46D02BA1E2F30AB0066CAE4 /* Assets.xcassets */; };
		B46D02BE1E2F30AB0066CAE4 /* LaunchScreen.storyboard in Resources */ = {isa = PBXBuildFile; fileRef = B46D02BC1E2F30AB0066CAE4 /* LaunchScreen.storyboard */; };
		B46D02C91E2F30AB0066CAE4 /* LC_UIActivityIndicatorViewTests.m in Sources */ = {isa = PBXBuildFile; fileRef = B46D02C81E2F30AB0066CAE4 /* LC_UIActivityIndicatorViewTests.m */; };
		B46D02D41E2F30AB0066CAE4 /* LC_UIActivityIndicatorViewUITests.m in Sources */ = {isa = PBXBuildFile; fileRef = B46D02D31E2F30AB0066CAE4 /* LC_UIActivityIndicatorViewUITests.m */; };
/* End PBXBuildFile section */

/* Begin PBXContainerItemProxy section */
		B46D02C51E2F30AB0066CAE4 /* PBXContainerItemProxy */ = {
			isa = PBXContainerItemProxy;
			containerPortal = B46D02A01E2F30AB0066CAE4 /* Project object */;
			proxyType = 1;
			remoteGlobalIDString = B46D02A71E2F30AB0066CAE4;
			remoteInfo = LC_UIActivityIndicatorView;
		};
		B46D02D01E2F30AB0066CAE4 /* PBXContainerItemProxy */ = {
			isa = PBXContainerItemProxy;
			containerPortal = B46D02A01E2F30AB0066CAE4 /* Project object */;
			proxyType = 1;
			remoteGlobalIDString = B46D02A71E2F30AB0066CAE4;
			remoteInfo = LC_UIActivityIndicatorView;
		};
/* End PBXContainerItemProxy section */

/* Begin PBXFileReference section */
		B46D02A81E2F30AB0066CAE4 /* LC_UIActivityIndicatorView.app */ = {isa = PBXFileReference; explicitFileType = wrapper.application; includeInIndex = 0; path = LC_UIActivityIndicatorView.app; sourceTree = BUILT_PRODUCTS_DIR; };
		B46D02AC1E2F30AB0066CAE4 /* main.m */ = {isa = PBXFileReference; lastKnownFileType = sourcecode.c.objc; path = main.m; sourceTree = "<group>"; };
		B46D02AE1E2F30AB0066CAE4 /* AppDelegate.h */ = {isa = PBXFileReference; lastKnownFileType = sourcecode.c.h; path = AppDelegate.h; sourceTree = "<group>"; };
		B46D02AF1E2F30AB0066CAE4 /* AppDelegate.m */ = {isa = PBXFileReference; lastKnownFileType = sourcecode.c.objc; path = AppDelegate.m; sourceTree = "<group>"; };
		B46D02B11E2F30AB0066CAE4 /* ViewController.h */ = {isa = PBXFileReference; lastKnownFileType = sourcecode.c.h; path = ViewController.h; sourceTree = "<group>"; };
		B46D02B21E2F30AB0066CAE4 /* ViewController.m */ = {isa = PBXFileReference; lastKnownFileType = sourcecode.c.objc; path = ViewController.m; sourceTree = "<group>"; };
		B46D02B51E2F30AB0066CAE4 /* Base */ = {isa = PBXFileReference; lastKnownFileType = file.storyboard; name = Base; path = Base.lproj/Main.storyboard; sourceTree = "<group>"; };
		B46D02B81E2F30AB0066CAE4 /* LC_UIActivityIndicatorView.xcdatamodel */ = {isa = PBXFileReference; lastKnownFileType = wrapper.xcdatamodel; path = LC_UIActivityIndicatorView.xcdatamodel; sourceTree = "<group>"; };
		B46D02BA1E2F30AB0066CAE4 /* Assets.xcassets */ = {isa = PBXFileReference; lastKnownFileType = folder.assetcatalog; path = Assets.xcassets; sourceTree = "<group>"; };
		B46D02BD1E2F30AB0066CAE4 /* Base */ = {isa = PBXFileReference; lastKnownFileType = file.storyboard; name = Base; path = Base.lproj/LaunchScreen.storyboard; sourceTree = "<group>"; };
		B46D02BF1E2F30AB0066CAE4 /* Info.plist */ = {isa = PBXFileReference; lastKnownFileType = text.plist.xml; path = Info.plist; sourceTree = "<group>"; };
		B46D02C41E2F30AB0066CAE4 /* LC_UIActivityIndicatorViewTests.xctest */ = {isa = PBXFileReference; explicitFileType = wrapper.cfbundle; includeInIndex = 0; path = LC_UIActivityIndicatorViewTests.xctest; sourceTree = BUILT_PRODUCTS_DIR; };
		B46D02C81E2F30AB0066CAE4 /* LC_UIActivityIndicatorViewTests.m */ = {isa = PBXFileReference; lastKnownFileType = sourcecode.c.objc; path = LC_UIActivityIndicatorViewTests.m; sourceTree = "<group>"; };
		B46D02CA1E2F30AB0066CAE4 /* Info.plist */ = {isa = PBXFileReference; lastKnownFileType = text.plist.xml; path = Info.plist; sourceTree = "<group>"; };
		B46D02CF1E2F30AB0066CAE4 /* LC_UIActivityIndicatorViewUITests.xctest */ = {isa = PBXFileReference; explicitFileType = wrapper.cfbundle; includeInIndex = 0; path = LC_UIActivityIndicatorViewUITests.xctest; sourceTree = BUILT_PRODUCTS_DIR; };
		B46D02D31E2F30AB0066CAE4 /* LC_UIActivityIndicatorViewUITests.m */ = {isa = PBXFileReference; lastKnownFileType = sourcecode.c.objc; path = LC_UIActivityIndicatorViewUITests.m; sourceTree = "<group>"; };
		B46D02D51E2F30AB0066CAE4 /* Info.plist */ = {isa = PBXFileReference; lastKnownFileType = text.plist.xml; path = Info.plist; sourceTree = "<group>"; };
/* End PBXFileReference section */

/* Begin PBXFrameworksBuildPhase section */
		B46D02A51E2F30AB0066CAE4 /* Frameworks */ = {
			isa = PBXFrameworksBuildPhase;
			buildActionMask = 2147483647;
			files = (
			);
			runOnlyForDeploymentPostprocessing = 0;
		};
		B46D02C11E2F30AB0066CAE4 /* Frameworks */ = {
			isa = PBXFrameworksBuildPhase;
			buildActionMask = 2147483647;
			files = (
			);
			runOnlyForDeploymentPostprocessing = 0;
		};
		B46D02CC1E2F30AB0066CAE4 /* Frameworks */ = {
			isa = PBXFrameworksBuildPhase;
			buildActionMask = 2147483647;
			files = (
			);
			runOnlyForDeploymentPostprocessing = 0;
		};
/* End PBXFrameworksBuildPhase section */

/* Begin PBXGroup section */
		B46D029F1E2F30AB0066CAE4 = {
			isa = PBXGroup;
			children = (
				B46D02AA1E2F30AB0066CAE4 /* LC_UIActivityIndicatorView */,
				B46D02C71E2F30AB0066CAE4 /* LC_UIActivityIndicatorViewTests */,
				B46D02D21E2F30AB0066CAE4 /* LC_UIActivityIndicatorViewUITests */,
				B46D02A91E2F30AB0066CAE4 /* Products */,
			);
			sourceTree = "<group>";
		};
		B46D02A91E2F30AB0066CAE4 /* Products */ = {
			isa = PBXGroup;
			children = (
				B46D02A81E2F30AB0066CAE4 /* LC_UIActivityIndicatorView.app */,
				B46D02C41E2F30AB0066CAE4 /* LC_UIActivityIndicatorViewTests.xctest */,
				B46D02CF1E2F30AB0066CAE4 /* LC_UIActivityIndicatorViewUITests.xctest */,
			);
			name = Products;
			sourceTree = "<group>";
		};
		B46D02AA1E2F30AB0066CAE4 /* LC_UIActivityIndicatorView */ = {
			isa = PBXGroup;
			children = (
				B46D02AE1E2F30AB0066CAE4 /* AppDelegate.h */,
				B46D02AF1E2F30AB0066CAE4 /* AppDelegate.m */,
				B46D02B11E2F30AB0066CAE4 /* ViewController.h */,
				B46D02B21E2F30AB0066CAE4 /* ViewController.m */,
				B46D02AB1E2F30AB0066CAE4 /* Supporting Files */,
			);
			path = LC_UIActivityIndicatorView;
			sourceTree = "<group>";
		};
		B46D02AB1E2F30AB0066CAE4 /* Supporting Files */ = {
			isa = PBXGroup;
			children = (
				B46D02AC1E2F30AB0066CAE4 /* main.m */,
				B46D02B41E2F30AB0066CAE4 /* Main.storyboard */,
				B46D02BA1E2F30AB0066CAE4 /* Assets.xcassets */,
				B46D02BC1E2F30AB0066CAE4 /* LaunchScreen.storyboard */,
				B46D02BF1E2F30AB0066CAE4 /* Info.plist */,
				B46D02B71E2F30AB0066CAE4 /* LC_UIActivityIndicatorView.xcdatamodeld */,
			);
			name = "Supporting Files";
			sourceTree = "<group>";
		};
		B46D02C71E2F30AB0066CAE4 /* LC_UIActivityIndicatorViewTests */ = {
			isa = PBXGroup;
			children = (
				B46D02C81E2F30AB0066CAE4 /* LC_UIActivityIndicatorViewTests.m */,
				B46D02CA1E2F30AB0066CAE4 /* Info.plist */,
			);
			path = LC_UIActivityIndicatorViewTests;
			sourceTree = "<group>";
		};
		B46D02D21E2F30AB0066CAE4 /* LC_UIActivityIndicatorViewUITests */ = {
			isa = PBXGroup;
			children = (
				B46D02D31E2F30AB0066CAE4 /* LC_UIActivityIndicatorViewUITests.m */,
				B46D02D51E2F30AB0066CAE4 /* Info.plist */,
			);
			path = LC_UIActivityIndicatorViewUITests;
			sourceTree = "<group>";
		};
/* End PBXGroup section */

/* Begin PBXNativeTarget section */
		B46D02A71E2F30AB0066CAE4 /* LC_UIActivityIndicatorView */ = {
			isa = PBXNativeTarget;
			buildConfigurationList = B46D02D81E2F30AB0066CAE4 /* Build configuration list for PBXNativeTarget "LC_UIActivityIndicatorView" */;
			buildPhases = (
				B46D02A41E2F30AB0066CAE4 /* Sources */,
				B46D02A51E2F30AB0066CAE4 /* Frameworks */,
				B46D02A61E2F30AB0066CAE4 /* Resources */,
			);
			buildRules = (
			);
			dependencies = (
			);
			name = LC_UIActivityIndicatorView;
			productName = LC_UIActivityIndicatorView;
			productReference = B46D02A81E2F30AB0066CAE4 /* LC_UIActivityIndicatorView.app */;
			productType = "com.apple.product-type.application";
		};
		B46D02C31E2F30AB0066CAE4 /* LC_UIActivityIndicatorViewTests */ = {
			isa = PBXNativeTarget;
			buildConfigurationList = B46D02DB1E2F30AB0066CAE4 /* Build configuration list for PBXNativeTarget "LC_UIActivityIndicatorViewTests" */;
			buildPhases = (
				B46D02C01E2F30AB0066CAE4 /* Sources */,
				B46D02C11E2F30AB0066CAE4 /* Frameworks */,
				B46D02C21E2F30AB0066CAE4 /* Resources */,
			);
			buildRules = (
			);
			dependencies = (
				B46D02C61E2F30AB0066CAE4 /* PBXTargetDependency */,
			);
			name = LC_UIActivityIndicatorViewTests;
			productName = LC_UIActivityIndicatorViewTests;
			productReference = B46D02C41E2F30AB0066CAE4 /* LC_UIActivityIndicatorViewTests.xctest */;
			productType = "com.apple.product-type.bundle.unit-test";
		};
		B46D02CE1E2F30AB0066CAE4 /* LC_UIActivityIndicatorViewUITests */ = {
			isa = PBXNativeTarget;
			buildConfigurationList = B46D02DE1E2F30AB0066CAE4 /* Build configuration list for PBXNativeTarget "LC_UIActivityIndicatorViewUITests" */;
			buildPhases = (
				B46D02CB1E2F30AB0066CAE4 /* Sources */,
				B46D02CC1E2F30AB0066CAE4 /* Frameworks */,
				B46D02CD1E2F30AB0066CAE4 /* Resources */,
			);
			buildRules = (
			);
			dependencies = (
				B46D02D11E2F30AB0066CAE4 /* PBXTargetDependency */,
			);
			name = LC_UIActivityIndicatorViewUITests;
			productName = LC_UIActivityIndicatorViewUITests;
			productReference = B46D02CF1E2F30AB0066CAE4 /* LC_UIActivityIndicatorViewUITests.xctest */;
			productType = "com.apple.product-type.bundle.ui-testing";
		};
/* End PBXNativeTarget section */

/* Begin PBXProject section */
		B46D02A01E2F30AB0066CAE4 /* Project object */ = {
			isa = PBXProject;
			attributes = {
				LastUpgradeCheck = 0800;
				ORGANIZATIONNAME = liCheng;
				TargetAttributes = {
					B46D02A71E2F30AB0066CAE4 = {
						CreatedOnToolsVersion = 8.0;
						ProvisioningStyle = Automatic;
					};
					B46D02C31E2F30AB0066CAE4 = {
						CreatedOnToolsVersion = 8.0;
						ProvisioningStyle = Automatic;
						TestTargetID = B46D02A71E2F30AB0066CAE4;
					};
					B46D02CE1E2F30AB0066CAE4 = {
						CreatedOnToolsVersion = 8.0;
						ProvisioningStyle = Automatic;
						TestTargetID = B46D02A71E2F30AB0066CAE4;
					};
				};
			};
			buildConfigurationList = B46D02A31E2F30AB0066CAE4 /* Build configuration list for PBXProject "LC_UIActivityIndicatorView" */;
			compatibilityVersion = "Xcode 3.2";
			developmentRegion = English;
			hasScannedForEncodings = 0;
			knownRegions = (
				en,
				Base,
			);
			mainGroup = B46D029F1E2F30AB0066CAE4;
			productRefGroup = B46D02A91E2F30AB0066CAE4 /* Products */;
			projectDirPath = "";
			projectRoot = "";
			targets = (
				B46D02A71E2F30AB0066CAE4 /* LC_UIActivityIndicatorView */,
				B46D02C31E2F30AB0066CAE4 /* LC_UIActivityIndicatorViewTests */,
				B46D02CE1E2F30AB0066CAE4 /* LC_UIActivityIndicatorViewUITests */,
			);
		};
/* End PBXProject section */

/* Begin PBXResourcesBuildPhase section */
		B46D02A61E2F30AB0066CAE4 /* Resources */ = {
			isa = PBXResourcesBuildPhase;
			buildActionMask = 2147483647;
			files = (
				B46D02BE1E2F30AB0066CAE4 /* LaunchScreen.storyboard in Resources */,
				B46D02BB1E2F30AB0066CAE4 /* Assets.xcassets in Resources */,
				B46D02B61E2F30AB0066CAE4 /* Main.storyboard in Resources */,
			);
			runOnlyForDeploymentPostprocessing = 0;
		};
		B46D02C21E2F30AB0066CAE4 /* Resources */ = {
			isa = PBXResourcesBuildPhase;
			buildActionMask = 2147483647;
			files = (
			);
			runOnlyForDeploymentPostprocessing = 0;
		};
		B46D02CD1E2F30AB0066CAE4 /* Resources */ = {
			isa = PBXResourcesBuildPhase;
			buildActionMask = 2147483647;
			files = (
			);
			runOnlyForDeploymentPostprocessing = 0;
		};
/* End PBXResourcesBuildPhase section */

/* Begin PBXSourcesBuildPhase section */
		B46D02A41E2F30AB0066CAE4 /* Sources */ = {
			isa = PBXSourcesBuildPhase;
			buildActionMask = 2147483647;
			files = (
				B46D02B91E2F30AB0066CAE4 /* LC_UIActivityIndicatorView.xcdatamodeld in Sources */,
				B46D02B31E2F30AB0066CAE4 /* ViewController.m in Sources */,
				B46D02B01E2F30AB0066CAE4 /* AppDelegate.m in Sources */,
				B46D02AD1E2F30AB0066CAE4 /* main.m in Sources */,
			);
			runOnlyForDeploymentPostprocessing = 0;
		};
		B46D02C01E2F30AB0066CAE4 /* Sources */ = {
			isa = PBXSourcesBuildPhase;
			buildActionMask = 2147483647;
			files = (
				B46D02C91E2F30AB0066CAE4 /* LC_UIActivityIndicatorViewTests.m in Sources */,
			);
			runOnlyForDeploymentPostprocessing = 0;
		};
		B46D02CB1E2F30AB0066CAE4 /* Sources */ = {
			isa = PBXSourcesBuildPhase;
			buildActionMask = 2147483647;
			files = (
				B46D02D41E2F30AB0066CAE4 /* LC_UIActivityIndicatorViewUITests.m in Sources */,
			);
			runOnlyForDeploymentPostprocessing = 0;
		};
/* End PBXSourcesBuildPhase section */

/* Begin PBXTargetDependency section */
		B46D02C61E2F30AB0066CAE4 /* PBXTargetDependency */ = {
			isa = PBXTargetDependency;
			target = B46D02A71E2F30AB0066CAE4 /* LC_UIActivityIndicatorView */;
			targetProxy = B46D02C51E2F30AB0066CAE4 /* PBXContainerItemProxy */;
		};
		B46D02D11E2F30AB0066CAE4 /* PBXTargetDependency */ = {
			isa = PBXTargetDependency;
			target = B46D02A71E2F30AB0066CAE4 /* LC_UIActivityIndicatorView */;
			targetProxy = B46D02D01E2F30AB0066CAE4 /* PBXContainerItemProxy */;
		};
/* End PBXTargetDependency section */

/* Begin PBXVariantGroup section */
		B46D02B41E2F30AB0066CAE4 /* Main.storyboard */ = {
			isa = PBXVariantGroup;
			children = (
				B46D02B51E2F30AB0066CAE4 /* Base */,
			);
			name = Main.storyboard;
			sourceTree = "<group>";
		};
		B46D02BC1E2F30AB0066CAE4 /* LaunchScreen.storyboard */ = {
			isa = PBXVariantGroup;
			children = (
				B46D02BD1E2F30AB0066CAE4 /* Base */,
			);
			name = LaunchScreen.storyboard;
			sourceTree = "<group>";
		};
/* End PBXVariantGroup section */

/* Begin XCBuildConfiguration section */
		B46D02D61E2F30AB0066CAE4 /* Debug */ = {
			isa = XCBuildConfiguration;
			buildSettings = {
				ALWAYS_SEARCH_USER_PATHS = NO;
				CLANG_ANALYZER_NONNULL = YES;
				CLANG_CXX_LANGUAGE_STANDARD = "gnu++0x";
				CLANG_CXX_LIBRARY = "libc++";
				CLANG_ENABLE_MODULES = YES;
				CLANG_ENABLE_OBJC_ARC = YES;
				CLANG_WARN_BOOL_CONVERSION = YES;
				CLANG_WARN_CONSTANT_CONVERSION = YES;
				CLANG_WARN_DIRECT_OBJC_ISA_USAGE = YES_ERROR;
				CLANG_WARN_DOCUMENTATION_COMMENTS = YES;
				CLANG_WARN_EMPTY_BODY = YES;
				CLANG_WARN_ENUM_CONVERSION = YES;
				CLANG_WARN_INFINITE_RECURSION = YES;
				CLANG_WARN_INT_CONVERSION = YES;
				CLANG_WARN_OBJC_ROOT_CLASS = YES_ERROR;
				CLANG_WARN_SUSPICIOUS_MOVES = YES;
				CLANG_WARN_UNREACHABLE_CODE = YES;
				CLANG_WARN__DUPLICATE_METHOD_MATCH = YES;
				"CODE_SIGN_IDENTITY[sdk=iphoneos*]" = "iPhone Developer";
				COPY_PHASE_STRIP = NO;
				DEBUG_INFORMATION_FORMAT = dwarf;
				ENABLE_STRICT_OBJC_MSGSEND = YES;
				ENABLE_TESTABILITY = YES;
				GCC_C_LANGUAGE_STANDARD = gnu99;
				GCC_DYNAMIC_NO_PIC = NO;
				GCC_NO_COMMON_BLOCKS = YES;
				GCC_OPTIMIZATION_LEVEL = 0;
				GCC_PREPROCESSOR_DEFINITIONS = (
					"DEBUG=1",
					"$(inherited)",
				);
				GCC_WARN_64_TO_32_BIT_CONVERSION = YES;
				GCC_WARN_ABOUT_RETURN_TYPE = YES_ERROR;
				GCC_WARN_UNDECLARED_SELECTOR = YES;
				GCC_WARN_UNINITIALIZED_AUTOS = YES_AGGRESSIVE;
				GCC_WARN_UNUSED_FUNCTION = YES;
				GCC_WARN_UNUSED_VARIABLE = YES;
				IPHONEOS_DEPLOYMENT_TARGET = 10.0;
				MTL_ENABLE_DEBUG_INFO = YES;
				ONLY_ACTIVE_ARCH = YES;
				SDKROOT = iphoneos;
			};
			name = Debug;
		};
		B46D02D71E2F30AB0066CAE4 /* Release */ = {
			isa = XCBuildConfiguration;
			buildSettings = {
				ALWAYS_SEARCH_USER_PATHS = NO;
				CLANG_ANALYZER_NONNULL = YES;
				CLANG_CXX_LANGUAGE_STANDARD = "gnu++0x";
				CLANG_CXX_LIBRARY = "libc++";
				CLANG_ENABLE_MODULES = YES;
				CLANG_ENABLE_OBJC_ARC = YES;
				CLANG_WARN_BOOL_CONVERSION = YES;
				CLANG_WARN_CONSTANT_CONVERSION = YES;
				CLANG_WARN_DIRECT_OBJC_ISA_USAGE = YES_ERROR;
				CLANG_WARN_DOCUMENTATION_COMMENTS = YES;
				CLANG_WARN_EMPTY_BODY = YES;
				CLANG_WARN_ENUM_CONVERSION = YES;
				CLANG_WARN_INFINITE_RECURSION = YES;
				CLANG_WARN_INT_CONVERSION = YES;
				CLANG_WARN_OBJC_ROOT_CLASS = YES_ERROR;
				CLANG_WARN_SUSPICIOUS_MOVES = YES;
				CLANG_WARN_UNREACHABLE_CODE = YES;
				CLANG_WARN__DUPLICATE_METHOD_MATCH = YES;
				"CODE_SIGN_IDENTITY[sdk=iphoneos*]" = "iPhone Developer";
				COPY_PHASE_STRIP = NO;
				DEBUG_INFORMATION_FORMAT = "dwarf-with-dsym";
				ENABLE_NS_ASSERTIONS = NO;
				ENABLE_STRICT_OBJC_MSGSEND = YES;
				GCC_C_LANGUAGE_STANDARD = gnu99;
				GCC_NO_COMMON_BLOCKS = YES;
				GCC_WARN_64_TO_32_BIT_CONVERSION = YES;
				GCC_WARN_ABOUT_RETURN_TYPE = YES_ERROR;
				GCC_WARN_UNDECLARED_SELECTOR = YES;
				GCC_WARN_UNINITIALIZED_AUTOS = YES_AGGRESSIVE;
				GCC_WARN_UNUSED_FUNCTION = YES;
				GCC_WARN_UNUSED_VARIABLE = YES;
				IPHONEOS_DEPLOYMENT_TARGET = 10.0;
				MTL_ENABLE_DEBUG_INFO = NO;
				SDKROOT = iphoneos;
				VALIDATE_PRODUCT = YES;
			};
			name = Release;
		};
		B46D02D91E2F30AB0066CAE4 /* Debug */ = {
			isa = XCBuildConfiguration;
			buildSettings = {
				ASSETCATALOG_COMPILER_APPICON_NAME = AppIcon;
				INFOPLIST_FILE = LC_UIActivityIndicatorView/Info.plist;
				LD_RUNPATH_SEARCH_PATHS = "$(inherited) @executable_path/Frameworks";
				PRODUCT_BUNDLE_IDENTIFIER = "liCheng.LC-UIActivityIndicatorView";
				PRODUCT_NAME = "$(TARGET_NAME)";
			};
			name = Debug;
		};
		B46D02DA1E2F30AB0066CAE4 /* Release */ = {
			isa = XCBuildConfiguration;
			buildSettings = {
				ASSETCATALOG_COMPILER_APPICON_NAME = AppIcon;
				INFOPLIST_FILE = LC_UIActivityIndicatorView/Info.plist;
				LD_RUNPATH_SEARCH_PATHS = "$(inherited) @executable_path/Frameworks";
				PRODUCT_BUNDLE_IDENTIFIER = "liCheng.LC-UIActivityIndicatorView";
				PRODUCT_NAME = "$(TARGET_NAME)";
			};
			name = Release;
		};
		B46D02DC1E2F30AB0066CAE4 /* Debug */ = {
			isa = XCBuildConfiguration;
			buildSettings = {
				BUNDLE_LOADER = "$(TEST_HOST)";
				INFOPLIST_FILE = LC_UIActivityIndicatorViewTests/Info.plist;
				LD_RUNPATH_SEARCH_PATHS = "$(inherited) @executable_path/Frameworks @loader_path/Frameworks";
				PRODUCT_BUNDLE_IDENTIFIER = "liCheng.LC-UIActivityIndicatorViewTests";
				PRODUCT_NAME = "$(TARGET_NAME)";
				TEST_HOST = "$(BUILT_PRODUCTS_DIR)/LC_UIActivityIndicatorView.app/LC_UIActivityIndicatorView";
			};
			name = Debug;
		};
		B46D02DD1E2F30AB0066CAE4 /* Release */ = {
			isa = XCBuildConfiguration;
			buildSettings = {
				BUNDLE_LOADER = "$(TEST_HOST)";
				INFOPLIST_FILE = LC_UIActivityIndicatorViewTests/Info.plist;
				LD_RUNPATH_SEARCH_PATHS = "$(inherited) @executable_path/Frameworks @loader_path/Frameworks";
				PRODUCT_BUNDLE_IDENTIFIER = "liCheng.LC-UIActivityIndicatorViewTests";
				PRODUCT_NAME = "$(TARGET_NAME)";
				TEST_HOST = "$(BUILT_PRODUCTS_DIR)/LC_UIActivityIndicatorView.app/LC_UIActivityIndicatorView";
			};
			name = Release;
		};
		B46D02DF1E2F30AB0066CAE4 /* Debug */ = {
			isa = XCBuildConfiguration;
			buildSettings = {
				INFOPLIST_FILE = LC_UIActivityIndicatorViewUITests/Info.plist;
				LD_RUNPATH_SEARCH_PATHS = "$(inherited) @executable_path/Frameworks @loader_path/Frameworks";
				PRODUCT_BUNDLE_IDENTIFIER = "liCheng.LC-UIActivityIndicatorViewUITests";
				PRODUCT_NAME = "$(TARGET_NAME)";
				TEST_TARGET_NAME = LC_UIActivityIndicatorView;
			};
			name = Debug;
		};
		B46D02E01E2F30AB0066CAE4 /* Release */ = {
			isa = XCBuildConfiguration;
			buildSettings = {
				INFOPLIST_FILE = LC_UIActivityIndicatorViewUITests/Info.plist;
				LD_RUNPATH_SEARCH_PATHS = "$(inherited) @executable_path/Frameworks @loader_path/Frameworks";
				PRODUCT_BUNDLE_IDENTIFIER = "liCheng.LC-UIActivityIndicatorViewUITests";
				PRODUCT_NAME = "$(TARGET_NAME)";
				TEST_TARGET_NAME = LC_UIActivityIndicatorView;
			};
			name = Release;
		};
/* End XCBuildConfiguration section */

/* Begin XCConfigurationList section */
		B46D02A31E2F30AB0066CAE4 /* Build configuration list for PBXProject "LC_UIActivityIndicatorView" */ = {
			isa = XCConfigurationList;
			buildConfigurations = (
				B46D02D61E2F30AB0066CAE4 /* Debug */,
				B46D02D71E2F30AB0066CAE4 /* Release */,
			);
			defaultConfigurationIsVisible = 0;
			defaultConfigurationName = Release;
		};
		B46D02D81E2F30AB0066CAE4 /* Build configuration list for PBXNativeTarget "LC_UIActivityIndicatorView" */ = {
			isa = XCConfigurationList;
			buildConfigurations = (
				B46D02D91E2F30AB0066CAE4 /* Debug */,
				B46D02DA1E2F30AB0066CAE4 /* Release */,
			);
			defaultConfigurationIsVisible = 0;
		};
		B46D02DB1E2F30AB0066CAE4 /* Build configuration list for PBXNativeTarget "LC_UIActivityIndicatorViewTests" */ = {
			isa = XCConfigurationList;
			buildConfigurations = (
				B46D02DC1E2F30AB0066CAE4 /* Debug */,
				B46D02DD1E2F30AB0066CAE4 /* Release */,
			);
			defaultConfigurationIsVisible = 0;
		};
		B46D02DE1E2F30AB0066CAE4 /* Build configuration list for PBXNativeTarget "LC_UIActivityIndicatorViewUITests" */ = {
			isa = XCConfigurationList;
			buildConfigurations = (
				B46D02DF1E2F30AB0066CAE4 /* Debug */,
				B46D02E01E2F30AB0066CAE4 /* Release */,
			);
			defaultConfigurationIsVisible = 0;
		};
/* End XCConfigurationList section */

/* Begin XCVersionGroup section */
		B46D02B71E2F30AB0066CAE4 /* LC_UIActivityIndicatorView.xcdatamodeld */ = {
			isa = XCVersionGroup;
			children = (
				B46D02B81E2F30AB0066CAE4 /* LC_UIActivityIndicatorView.xcdatamodel */,
			);
			currentVersion = B46D02B81E2F30AB0066CAE4 /* LC_UIActivityIndicatorView.xcdatamodel */;
			path = LC_UIActivityIndicatorView.xcdatamodeld;
			sourceTree = "<group>";
			versionGroupType = wrapper.xcdatamodel;
		};
/* End XCVersionGroup section */
	};
	rootObject = B46D02A01E2F30AB0066CAE4 /* Project object */;
}
